
Microsoft Visual Studio Solution File, Format Version 12.00
# Visual Studio Version 17
VisualStudioVersion = 17.4.33122.133
MinimumVisualStudioVersion = 10.0.40219.1
Project("{FAE04EC0-301F-11D3-BF4B-00C04F79EFBC}") = "Hello_world_NT", "Hello_world_NT\Hello_world_NT.csproj", "{32C0F90B-6A2B-4C73-80F9-8D1D22F588EF}"
EndProject
Global
	GlobalSection(SolutionConfigurationPlatforms) = preSolution
		Debug|Any CPU = Debug|Any CPU
		Release|Any CPU = Release|Any CPU
	EndGlobalSection
	GlobalSection(ProjectConfigurationPlatforms) = postSolution
		{32C0F90B-6A2B-4C73-80F9-8D1D22F588EF}.Debug|Any CPU.ActiveCfg = Debug|Any CPU
		{32C0F90B-6A2B-4C73-80F9-8D1D22F588EF}.Debug|Any CPU.Build.0 = Debug|Any CPU
		{32C0F90B-6A2B-4C73-80F9-8D1D22F588EF}.Release|Any CPU.ActiveCfg = Release|Any CPU
		{32C0F90B-6A2B-4C73-80F9-8D1D22F588EF}.Release|Any CPU.Build.0 = Release|Any CPU
	EndGlobalSection
	GlobalSection(SolutionProperties) = preSolution
		HideSolutionNode = FALSE
	EndGlobalSection
	GlobalSection(ExtensibilityGlobals) = postSolution
		SolutionGuid = {08FC76FB-7001-452B-A982-C4BC6081F9C6}
	EndGlobalSection
EndGlobal
