
Microsoft Visual Studio Solution File, Format Version 12.00
# Visual Studio Version 17
VisualStudioVersion = 17.4.33122.133
MinimumVisualStudioVersion = 10.0.40219.1
Project("{FAE04EC0-301F-11D3-BF4B-00C04F79EFBC}") = "Hello_world", "Hello_world\Hello_world.csproj", "{16ACAADD-D691-455B-84F9-3FABBF4C4180}"
EndProject
Global
	GlobalSection(SolutionConfigurationPlatforms) = preSolution
		Debug|Any CPU = Debug|Any CPU
		Release|Any CPU = Release|Any CPU
	EndGlobalSection
	GlobalSection(ProjectConfigurationPlatforms) = postSolution
		{16ACAADD-D691-455B-84F9-3FABBF4C4180}.Debug|Any CPU.ActiveCfg = Debug|Any CPU
		{16ACAADD-D691-455B-84F9-3FABBF4C4180}.Debug|Any CPU.Build.0 = Debug|Any CPU
		{16ACAADD-D691-455B-84F9-3FABBF4C4180}.Release|Any CPU.ActiveCfg = Release|Any CPU
		{16ACAADD-D691-455B-84F9-3FABBF4C4180}.Release|Any CPU.Build.0 = Release|Any CPU
	EndGlobalSection
	GlobalSection(SolutionProperties) = preSolution
		HideSolutionNode = FALSE
	EndGlobalSection
	GlobalSection(ExtensibilityGlobals) = postSolution
		SolutionGuid = {AD19AFEA-CBF0-4D00-BB89-56E6852BC12F}
	EndGlobalSection
EndGlobal
