
Microsoft Visual Studio Solution File, Format Version 12.00
# Visual Studio Version 17
VisualStudioVersion = 17.4.33122.133
MinimumVisualStudioVersion = 10.0.40219.1
Project("{FAE04EC0-301F-11D3-BF4B-00C04F79EFBC}") = "Tf2_EXE_CALL", "Tf2_EXE_CALL\Tf2_EXE_CALL.csproj", "{6B88C76B-8AB1-4D2B-9FF8-40FECDC33C92}"
EndProject
Global
	GlobalSection(SolutionConfigurationPlatforms) = preSolution
		Debug|Any CPU = Debug|Any CPU
		Release|Any CPU = Release|Any CPU
	EndGlobalSection
	GlobalSection(ProjectConfigurationPlatforms) = postSolution
		{6B88C76B-8AB1-4D2B-9FF8-40FECDC33C92}.Debug|Any CPU.ActiveCfg = Debug|Any CPU
		{6B88C76B-8AB1-4D2B-9FF8-40FECDC33C92}.Debug|Any CPU.Build.0 = Debug|Any CPU
		{6B88C76B-8AB1-4D2B-9FF8-40FECDC33C92}.Release|Any CPU.ActiveCfg = Release|Any CPU
		{6B88C76B-8AB1-4D2B-9FF8-40FECDC33C92}.Release|Any CPU.Build.0 = Release|Any CPU
	EndGlobalSection
	GlobalSection(SolutionProperties) = preSolution
		HideSolutionNode = FALSE
	EndGlobalSection
	GlobalSection(ExtensibilityGlobals) = postSolution
		SolutionGuid = {06E94BEF-0FA9-45DA-9230-9E06C76603C2}
	EndGlobalSection
EndGlobal
